
Microsoft Visual Studio Solution File, Format Version 12.00
# Visual Studio 15
VisualStudioVersion = 15.0.28307.645
MinimumVisualStudioVersion = 10.0.40219.1
Project("{FAE04EC0-301F-11D3-BF4B-00C04F79EFBC}") = "backend", "backend\backend.csproj", "{93E40DAC-22B5-4AAC-959C-F877BDC093EB}"
EndProject
Global
	GlobalSection(SolutionConfigurationPlatforms) = preSolution
		Debug|Any CPU = Debug|Any CPU
		Release|Any CPU = Release|Any CPU
	EndGlobalSection
	GlobalSection(ProjectConfigurationPlatforms) = postSolution
		{93E40DAC-22B5-4AAC-959C-F877BDC093EB}.Debug|Any CPU.ActiveCfg = Debug|Any CPU
		{93E40DAC-22B5-4AAC-959C-F877BDC093EB}.Debug|Any CPU.Build.0 = Debug|Any CPU
		{93E40DAC-22B5-4AAC-959C-F877BDC093EB}.Release|Any CPU.ActiveCfg = Release|Any CPU
		{93E40DAC-22B5-4AAC-959C-F877BDC093EB}.Release|Any CPU.Build.0 = Release|Any CPU
	EndGlobalSection
	GlobalSection(SolutionProperties) = preSolution
		HideSolutionNode = FALSE
	EndGlobalSection
	GlobalSection(ExtensibilityGlobals) = postSolution
		SolutionGuid = {303BEC7A-EFFF-44B1-8E4D-5D133A9ED013}
	EndGlobalSection
EndGlobal
